
Microsoft Visual Studio Solution File, Format Version 12.00
# Visual Studio Version 17
VisualStudioVersion = 17.11.35327.3
MinimumVisualStudioVersion = 10.0.40219.1
Project("{FAE04EC0-301F-11D3-BF4B-00C04F79EFBC}") = "BriscolaPokemon.Core", "BriscolaPokemon.Core\BriscolaPokemon.Core.csproj", "{9B4B6F92-DE8E-4371-A820-D9CA42A0EC7C}"
EndProject
Project("{FAE04EC0-301F-11D3-BF4B-00C04F79EFBC}") = "BriscolaPokemon.Server", "BriscolaPokemon.Server\BriscolaPokemon.Server.csproj", "{719662C4-2DF2-4BDC-ACCF-ED53EBD6F19E}"
EndProject
Project("{FAE04EC0-301F-11D3-BF4B-00C04F79EFBC}") = "BriscolaPokemon.Client", "BriscolaPokemon.Client\BriscolaPokemon.Client.csproj", "{CF82045B-CFE0-478B-92D4-09E907985EFA}"
EndProject
Global
	GlobalSection(SolutionConfigurationPlatforms) = preSolution
		Debug|Any CPU = Debug|Any CPU
		Release|Any CPU = Release|Any CPU
	EndGlobalSection
	GlobalSection(ProjectConfigurationPlatforms) = postSolution
		{9B4B6F92-DE8E-4371-A820-D9CA42A0EC7C}.Debug|Any CPU.ActiveCfg = Debug|Any CPU
		{9B4B6F92-DE8E-4371-A820-D9CA42A0EC7C}.Debug|Any CPU.Build.0 = Debug|Any CPU
		{9B4B6F92-DE8E-4371-A820-D9CA42A0EC7C}.Release|Any CPU.ActiveCfg = Release|Any CPU
		{9B4B6F92-DE8E-4371-A820-D9CA42A0EC7C}.Release|Any CPU.Build.0 = Release|Any CPU
		{719662C4-2DF2-4BDC-ACCF-ED53EBD6F19E}.Debug|Any CPU.ActiveCfg = Debug|Any CPU
		{719662C4-2DF2-4BDC-ACCF-ED53EBD6F19E}.Debug|Any CPU.Build.0 = Debug|Any CPU
		{719662C4-2DF2-4BDC-ACCF-ED53EBD6F19E}.Release|Any CPU.ActiveCfg = Release|Any CPU
		{719662C4-2DF2-4BDC-ACCF-ED53EBD6F19E}.Release|Any CPU.Build.0 = Release|Any CPU
		{CF82045B-CFE0-478B-92D4-09E907985EFA}.Debug|Any CPU.ActiveCfg = Debug|Any CPU
		{CF82045B-CFE0-478B-92D4-09E907985EFA}.Debug|Any CPU.Build.0 = Debug|Any CPU
		{CF82045B-CFE0-478B-92D4-09E907985EFA}.Release|Any CPU.ActiveCfg = Release|Any CPU
		{CF82045B-CFE0-478B-92D4-09E907985EFA}.Release|Any CPU.Build.0 = Release|Any CPU
	EndGlobalSection
	GlobalSection(SolutionProperties) = preSolution
		HideSolutionNode = FALSE
	EndGlobalSection
	GlobalSection(ExtensibilityGlobals) = postSolution
		SolutionGuid = {D73EFF3F-2B15-48D8-8775-6CF3CC38C29D}
	EndGlobalSection
EndGlobal
